
Microsoft Visual Studio Solution File, Format Version 12.00
# Visual Studio Version 16
VisualStudioVersion = 16.0.31515.178
MinimumVisualStudioVersion = 10.0.40219.1
Project("{9A19103F-16F7-4668-BE54-9A1E7A4F7556}") = "CustomerSales", "CustomerSales.csproj", "{A42F94AE-E668-4237-BDA8-68729868AEA8}"
EndProject
Project("{2150E333-8FDC-42A3-9474-1A3956D46DE8}") = "CustomersSales", "CustomersSales", "{34805285-1032-47B5-B1C9-A778E7E80C57}"
EndProject
Project("{FAE04EC0-301F-11D3-BF4B-00C04F79EFBC}") = "Riddha.CustomerSale.Entity", "..\Riddha.CustomerSale.Entity\Riddha.CustomerSale.Entity.csproj", "{7DF9339C-4DAE-40B0-84C8-20CE338EF2AF}"
EndProject
Project("{FAE04EC0-301F-11D3-BF4B-00C04F79EFBC}") = "Riddha.CustomerSale.Services", "..\Riddha.CustomerSale.Services\Riddha.CustomerSale.Services.csproj", "{3D50029F-55BE-4858-9271-B34F1960403C}"
EndProject
Global
	GlobalSection(SolutionConfigurationPlatforms) = preSolution
		Debug|Any CPU = Debug|Any CPU
		Release|Any CPU = Release|Any CPU
	EndGlobalSection
	GlobalSection(ProjectConfigurationPlatforms) = postSolution
		{A42F94AE-E668-4237-BDA8-68729868AEA8}.Debug|Any CPU.ActiveCfg = Debug|Any CPU
		{A42F94AE-E668-4237-BDA8-68729868AEA8}.Debug|Any CPU.Build.0 = Debug|Any CPU
		{A42F94AE-E668-4237-BDA8-68729868AEA8}.Release|Any CPU.ActiveCfg = Release|Any CPU
		{A42F94AE-E668-4237-BDA8-68729868AEA8}.Release|Any CPU.Build.0 = Release|Any CPU
		{7DF9339C-4DAE-40B0-84C8-20CE338EF2AF}.Debug|Any CPU.ActiveCfg = Debug|Any CPU
		{7DF9339C-4DAE-40B0-84C8-20CE338EF2AF}.Debug|Any CPU.Build.0 = Debug|Any CPU
		{7DF9339C-4DAE-40B0-84C8-20CE338EF2AF}.Release|Any CPU.ActiveCfg = Release|Any CPU
		{7DF9339C-4DAE-40B0-84C8-20CE338EF2AF}.Release|Any CPU.Build.0 = Release|Any CPU
		{3D50029F-55BE-4858-9271-B34F1960403C}.Debug|Any CPU.ActiveCfg = Debug|Any CPU
		{3D50029F-55BE-4858-9271-B34F1960403C}.Debug|Any CPU.Build.0 = Debug|Any CPU
		{3D50029F-55BE-4858-9271-B34F1960403C}.Release|Any CPU.ActiveCfg = Release|Any CPU
		{3D50029F-55BE-4858-9271-B34F1960403C}.Release|Any CPU.Build.0 = Release|Any CPU
	EndGlobalSection
	GlobalSection(SolutionProperties) = preSolution
		HideSolutionNode = FALSE
	EndGlobalSection
	GlobalSection(NestedProjects) = preSolution
		{7DF9339C-4DAE-40B0-84C8-20CE338EF2AF} = {34805285-1032-47B5-B1C9-A778E7E80C57}
		{3D50029F-55BE-4858-9271-B34F1960403C} = {34805285-1032-47B5-B1C9-A778E7E80C57}
	EndGlobalSection
	GlobalSection(ExtensibilityGlobals) = postSolution
		SolutionGuid = {88DBAB8F-33E9-4670-B863-6F0432C4FDDE}
	EndGlobalSection
EndGlobal
